
Microsoft Visual Studio Solution File, Format Version 12.00
# Visual Studio 14
VisualStudioVersion = 14.0.25420.1
MinimumVisualStudioVersion = 10.0.40219.1
Project("{FAE04EC0-301F-11D3-BF4B-00C04F79EFBC}") = "DataContractSerializerDemo", "DataContractSerializerDemo\DataContractSerializerDemo.csproj", "{EB30E4B9-0778-4E48-83C3-3454A328620F}"
EndProject
Global
	GlobalSection(SolutionConfigurationPlatforms) = preSolution
		Debug|Any CPU = Debug|Any CPU
		Release|Any CPU = Release|Any CPU
	EndGlobalSection
	GlobalSection(ProjectConfigurationPlatforms) = postSolution
		{EB30E4B9-0778-4E48-83C3-3454A328620F}.Debug|Any CPU.ActiveCfg = Debug|Any CPU
		{EB30E4B9-0778-4E48-83C3-3454A328620F}.Debug|Any CPU.Build.0 = Debug|Any CPU
		{EB30E4B9-0778-4E48-83C3-3454A328620F}.Release|Any CPU.ActiveCfg = Release|Any CPU
		{EB30E4B9-0778-4E48-83C3-3454A328620F}.Release|Any CPU.Build.0 = Release|Any CPU
	EndGlobalSection
	GlobalSection(SolutionProperties) = preSolution
		HideSolutionNode = FALSE
	EndGlobalSection
EndGlobal
